
Microsoft Visual Studio Solution File, Format Version 12.00
# Visual Studio Version 16
VisualStudioVersion = 16.0.31624.102
MinimumVisualStudioVersion = 10.0.40219.1
Project("{2150E333-8FDC-42A3-9474-1A3956D46DE8}") = "Sources", "Sources", "{BD685FB5-790B-472E-8155-008D17956035}"
EndProject
Project("{9A19103F-16F7-4668-BE54-9A1E7A4F7556}") = "PokemonPedia.Api", "Sources\PokemonPedia.Api\PokemonPedia.Api.csproj", "{7553DC56-1E3D-46D7-9B32-3F97D8790F2A}"
EndProject
Project("{9A19103F-16F7-4668-BE54-9A1E7A4F7556}") = "PokemonPedia.Application", "Sources\PokemonPedia.Application\PokemonPedia.Application.csproj", "{3B00E067-32CE-41F4-9D51-4E228193FEFA}"
EndProject
Project("{9A19103F-16F7-4668-BE54-9A1E7A4F7556}") = "PokemonPedia.Core", "Sources\PokemonPedia.Core\PokemonPedia.Core.csproj", "{509F96DE-BCF3-4F88-A603-8A772D7BF54F}"
EndProject
Project("{9A19103F-16F7-4668-BE54-9A1E7A4F7556}") = "PokemonPedia.Infrastructure", "Sources\PokemonPedia.Infrastructure\PokemonPedia.Infrastructure.csproj", "{AAAA3911-6C4D-4E89-B03B-8C1D79D8F0FC}"
EndProject
Project("{2150E333-8FDC-42A3-9474-1A3956D46DE8}") = "Tests", "Tests", "{4658F436-30F8-4B88-9C47-04341B955CB1}"
EndProject
Project("{9A19103F-16F7-4668-BE54-9A1E7A4F7556}") = "PokemonPedia.Application.Tests", "Tests\PokemonPedia.Application.Tests\PokemonPedia.Application.Tests.csproj", "{A2F36538-9604-4A88-BF30-3239A661548C}"
EndProject
Project("{9A19103F-16F7-4668-BE54-9A1E7A4F7556}") = "PokemonPedia.Infrastructure.Tests", "Tests\PokemonPedia.Infrastructure.Tests\PokemonPedia.Infrastructure.Tests.csproj", "{F9A976D9-3A84-4E11-9853-632A2D310B48}"
EndProject
Project("{9A19103F-16F7-4668-BE54-9A1E7A4F7556}") = "PokemonPedia.Api.Tests", "Tests\PokemonPedia.Api.Tests\PokemonPedia.Api.Tests.csproj", "{6C54436E-F74C-460B-B013-6E1192716D72}"
EndProject
Project("{2150E333-8FDC-42A3-9474-1A3956D46DE8}") = "Solution_items", "Solution_items", "{2A54A19C-9E66-4A08-9064-146C3BD1A686}"
	ProjectSection(SolutionItems) = preProject
		.dockerignore = .dockerignore
		.gitignore = .gitignore
		Dockerfile = Dockerfile
		LICENSE = LICENSE
		README.md = README.md
	EndProjectSection
EndProject
Global
	GlobalSection(SolutionConfigurationPlatforms) = preSolution
		Debug|Any CPU = Debug|Any CPU
		Release|Any CPU = Release|Any CPU
	EndGlobalSection
	GlobalSection(ProjectConfigurationPlatforms) = postSolution
		{7553DC56-1E3D-46D7-9B32-3F97D8790F2A}.Debug|Any CPU.ActiveCfg = Debug|Any CPU
		{7553DC56-1E3D-46D7-9B32-3F97D8790F2A}.Debug|Any CPU.Build.0 = Debug|Any CPU
		{7553DC56-1E3D-46D7-9B32-3F97D8790F2A}.Release|Any CPU.ActiveCfg = Release|Any CPU
		{7553DC56-1E3D-46D7-9B32-3F97D8790F2A}.Release|Any CPU.Build.0 = Release|Any CPU
		{3B00E067-32CE-41F4-9D51-4E228193FEFA}.Debug|Any CPU.ActiveCfg = Debug|Any CPU
		{3B00E067-32CE-41F4-9D51-4E228193FEFA}.Debug|Any CPU.Build.0 = Debug|Any CPU
		{3B00E067-32CE-41F4-9D51-4E228193FEFA}.Release|Any CPU.ActiveCfg = Release|Any CPU
		{3B00E067-32CE-41F4-9D51-4E228193FEFA}.Release|Any CPU.Build.0 = Release|Any CPU
		{509F96DE-BCF3-4F88-A603-8A772D7BF54F}.Debug|Any CPU.ActiveCfg = Debug|Any CPU
		{509F96DE-BCF3-4F88-A603-8A772D7BF54F}.Debug|Any CPU.Build.0 = Debug|Any CPU
		{509F96DE-BCF3-4F88-A603-8A772D7BF54F}.Release|Any CPU.ActiveCfg = Release|Any CPU
		{509F96DE-BCF3-4F88-A603-8A772D7BF54F}.Release|Any CPU.Build.0 = Release|Any CPU
		{AAAA3911-6C4D-4E89-B03B-8C1D79D8F0FC}.Debug|Any CPU.ActiveCfg = Debug|Any CPU
		{AAAA3911-6C4D-4E89-B03B-8C1D79D8F0FC}.Debug|Any CPU.Build.0 = Debug|Any CPU
		{AAAA3911-6C4D-4E89-B03B-8C1D79D8F0FC}.Release|Any CPU.ActiveCfg = Release|Any CPU
		{AAAA3911-6C4D-4E89-B03B-8C1D79D8F0FC}.Release|Any CPU.Build.0 = Release|Any CPU
		{A2F36538-9604-4A88-BF30-3239A661548C}.Debug|Any CPU.ActiveCfg = Debug|Any CPU
		{A2F36538-9604-4A88-BF30-3239A661548C}.Debug|Any CPU.Build.0 = Debug|Any CPU
		{A2F36538-9604-4A88-BF30-3239A661548C}.Release|Any CPU.ActiveCfg = Release|Any CPU
		{A2F36538-9604-4A88-BF30-3239A661548C}.Release|Any CPU.Build.0 = Release|Any CPU
		{F9A976D9-3A84-4E11-9853-632A2D310B48}.Debug|Any CPU.ActiveCfg = Debug|Any CPU
		{F9A976D9-3A84-4E11-9853-632A2D310B48}.Debug|Any CPU.Build.0 = Debug|Any CPU
		{F9A976D9-3A84-4E11-9853-632A2D310B48}.Release|Any CPU.ActiveCfg = Release|Any CPU
		{F9A976D9-3A84-4E11-9853-632A2D310B48}.Release|Any CPU.Build.0 = Release|Any CPU
		{6C54436E-F74C-460B-B013-6E1192716D72}.Debug|Any CPU.ActiveCfg = Debug|Any CPU
		{6C54436E-F74C-460B-B013-6E1192716D72}.Debug|Any CPU.Build.0 = Debug|Any CPU
		{6C54436E-F74C-460B-B013-6E1192716D72}.Release|Any CPU.ActiveCfg = Release|Any CPU
		{6C54436E-F74C-460B-B013-6E1192716D72}.Release|Any CPU.Build.0 = Release|Any CPU
	EndGlobalSection
	GlobalSection(SolutionProperties) = preSolution
		HideSolutionNode = FALSE
	EndGlobalSection
	GlobalSection(NestedProjects) = preSolution
		{7553DC56-1E3D-46D7-9B32-3F97D8790F2A} = {BD685FB5-790B-472E-8155-008D17956035}
		{3B00E067-32CE-41F4-9D51-4E228193FEFA} = {BD685FB5-790B-472E-8155-008D17956035}
		{509F96DE-BCF3-4F88-A603-8A772D7BF54F} = {BD685FB5-790B-472E-8155-008D17956035}
		{AAAA3911-6C4D-4E89-B03B-8C1D79D8F0FC} = {BD685FB5-790B-472E-8155-008D17956035}
		{A2F36538-9604-4A88-BF30-3239A661548C} = {4658F436-30F8-4B88-9C47-04341B955CB1}
		{F9A976D9-3A84-4E11-9853-632A2D310B48} = {4658F436-30F8-4B88-9C47-04341B955CB1}
		{6C54436E-F74C-460B-B013-6E1192716D72} = {4658F436-30F8-4B88-9C47-04341B955CB1}
	EndGlobalSection
	GlobalSection(ExtensibilityGlobals) = postSolution
		SolutionGuid = {8A1FC8E0-FA46-4412-A81D-2D05EAEFCE26}
	EndGlobalSection
EndGlobal
